
Microsoft Visual Studio Solution File, Format Version 12.00
# Visual Studio Version 17
VisualStudioVersion = 17.4.33213.308
MinimumVisualStudioVersion = 10.0.40219.1
Project("{FAE04EC0-301F-11D3-BF4B-00C04F79EFBC}") = "CAPSTONE", "CAPSTONE\CAPSTONE.csproj", "{629C52BB-49D0-4CAA-B3AF-D9C7DD3A8E0C}"
EndProject
Global
	GlobalSection(SolutionConfigurationPlatforms) = preSolution
		Debug|Any CPU = Debug|Any CPU
		Release|Any CPU = Release|Any CPU
	EndGlobalSection
	GlobalSection(ProjectConfigurationPlatforms) = postSolution
		{629C52BB-49D0-4CAA-B3AF-D9C7DD3A8E0C}.Debug|Any CPU.ActiveCfg = Debug|Any CPU
		{629C52BB-49D0-4CAA-B3AF-D9C7DD3A8E0C}.Debug|Any CPU.Build.0 = Debug|Any CPU
		{629C52BB-49D0-4CAA-B3AF-D9C7DD3A8E0C}.Release|Any CPU.ActiveCfg = Release|Any CPU
		{629C52BB-49D0-4CAA-B3AF-D9C7DD3A8E0C}.Release|Any CPU.Build.0 = Release|Any CPU
	EndGlobalSection
	GlobalSection(SolutionProperties) = preSolution
		HideSolutionNode = FALSE
	EndGlobalSection
	GlobalSection(ExtensibilityGlobals) = postSolution
		SolutionGuid = {B8139A87-6594-4740-ADA3-8FDD26E9DCC5}
	EndGlobalSection
EndGlobal
