
Microsoft Visual Studio Solution File, Format Version 12.00
# Visual Studio Version 18
VisualStudioVersion = 18.2.11415.280 d18.0
MinimumVisualStudioVersion = 10.0.40219.1
Project("{FAE04EC0-301F-11D3-BF4B-00C04F79EFBC}") = "pay_calc", "Homework 7\pay_calc.csproj", "{03D2E632-F874-466F-85FB-D87EA1653A26}"
EndProject
Global
	GlobalSection(SolutionConfigurationPlatforms) = preSolution
		Debug|Any CPU = Debug|Any CPU
		Release|Any CPU = Release|Any CPU
	EndGlobalSection
	GlobalSection(ProjectConfigurationPlatforms) = postSolution
		{03D2E632-F874-466F-85FB-D87EA1653A26}.Debug|Any CPU.ActiveCfg = Debug|Any CPU
		{03D2E632-F874-466F-85FB-D87EA1653A26}.Debug|Any CPU.Build.0 = Debug|Any CPU
		{03D2E632-F874-466F-85FB-D87EA1653A26}.Release|Any CPU.ActiveCfg = Release|Any CPU
		{03D2E632-F874-466F-85FB-D87EA1653A26}.Release|Any CPU.Build.0 = Release|Any CPU
	EndGlobalSection
	GlobalSection(SolutionProperties) = preSolution
		HideSolutionNode = FALSE
	EndGlobalSection
	GlobalSection(ExtensibilityGlobals) = postSolution
		SolutionGuid = {5CB22FED-7448-4472-824C-6C6BD3BA2977}
	EndGlobalSection
EndGlobal
