
Microsoft Visual Studio Solution File, Format Version 12.00
# Visual Studio Version 17
VisualStudioVersion = 17.3.32811.315
MinimumVisualStudioVersion = 10.0.40219.1
Project("{FAE04EC0-301F-11D3-BF4B-00C04F79EFBC}") = "Homework 18", "Homework 18\Homework 18.csproj", "{D68E9B5C-ED1A-4FB0-B751-5022D17F089D}"
EndProject
Global
	GlobalSection(SolutionConfigurationPlatforms) = preSolution
		Debug|Any CPU = Debug|Any CPU
		Release|Any CPU = Release|Any CPU
	EndGlobalSection
	GlobalSection(ProjectConfigurationPlatforms) = postSolution
		{D68E9B5C-ED1A-4FB0-B751-5022D17F089D}.Debug|Any CPU.ActiveCfg = Debug|Any CPU
		{D68E9B5C-ED1A-4FB0-B751-5022D17F089D}.Debug|Any CPU.Build.0 = Debug|Any CPU
		{D68E9B5C-ED1A-4FB0-B751-5022D17F089D}.Release|Any CPU.ActiveCfg = Release|Any CPU
		{D68E9B5C-ED1A-4FB0-B751-5022D17F089D}.Release|Any CPU.Build.0 = Release|Any CPU
	EndGlobalSection
	GlobalSection(SolutionProperties) = preSolution
		HideSolutionNode = FALSE
	EndGlobalSection
	GlobalSection(ExtensibilityGlobals) = postSolution
		SolutionGuid = {E09A3E53-53FB-4323-B16A-DB9031099D2B}
	EndGlobalSection
EndGlobal
